
Microsoft Visual Studio Solution File, Format Version 12.00
# Visual Studio Version 17
VisualStudioVersion = 17.0.31717.71
MinimumVisualStudioVersion = 10.0.40219.1
Project("{FAE04EC0-301F-11D3-BF4B-00C04F79EFBC}") = "Hawaso", "Hawaso\Hawaso.csproj", "{C59A0CCC-5300-4C37-AB86-432B809BE304}"
EndProject
Global
	GlobalSection(SolutionConfigurationPlatforms) = preSolution
		Debug|Any CPU = Debug|Any CPU
		Release|Any CPU = Release|Any CPU
	EndGlobalSection
	GlobalSection(ProjectConfigurationPlatforms) = postSolution
		{C59A0CCC-5300-4C37-AB86-432B809BE304}.Debug|Any CPU.ActiveCfg = Debug|Any CPU
		{C59A0CCC-5300-4C37-AB86-432B809BE304}.Debug|Any CPU.Build.0 = Debug|Any CPU
		{C59A0CCC-5300-4C37-AB86-432B809BE304}.Release|Any CPU.ActiveCfg = Release|Any CPU
		{C59A0CCC-5300-4C37-AB86-432B809BE304}.Release|Any CPU.Build.0 = Release|Any CPU
	EndGlobalSection
	GlobalSection(SolutionProperties) = preSolution
		HideSolutionNode = FALSE
	EndGlobalSection
	GlobalSection(ExtensibilityGlobals) = postSolution
		SolutionGuid = {573EE545-04A8-455C-A622-56B11E5B9A7A}
	EndGlobalSection
EndGlobal
